PODS:
  - CalendarKit (1.0.14)
  - RxCocoa (6.2.0):
    - RxRelay (= 6.2.0)
    - RxSwift (= 6.2.0)
  - RxRelay (6.2.0):
    - RxSwift (= 6.2.0)
  - RxSwift (6.2.0)

DEPENDENCIES:
  - CalendarKit
  - RxCocoa
  - RxSwift

SPEC REPOS:
  trunk:
    - CalendarKit
    - RxCocoa
    - RxRelay
    - RxSwift

SPEC CHECKSUMS:
  CalendarKit: 89068700d1af62ddb17e00d088a59fa9f8ae04a1
  RxCocoa: 4baf94bb35f2c0ab31bc0cb9f1900155f646ba42
  RxRelay: e72dbfd157807478401ef1982e1c61c945c94b2f
  RxSwift: d356ab7bee873611322f134c5f9ef379fa183d8f

PODFILE CHECKSUM: 9d4689dc23be43456c0c0f8891554a04637243da

COCOAPODS: 1.11.2
